
Microsoft Visual Studio Solution File, Format Version 12.00
# Visual Studio Version 16
VisualStudioVersion = 16.0.31624.102
MinimumVisualStudioVersion = 10.0.40219.1
Project("{FAE04EC0-301F-11D3-BF4B-00C04F79EFBC}") = "LoopsAndRandomNumbers", "LoopsAndRandomNumbers\LoopsAndRandomNumbers.csproj", "{B2C7FAED-9ABC-4AE6-B4AC-7F42E6BE3A5D}"
EndProject
Project("{FAE04EC0-301F-11D3-BF4B-00C04F79EFBC}") = "PINInfiniteLoop", "PINInfiniteLoop\PINInfiniteLoop.csproj", "{9A60B7D3-771E-4664-8D35-5D98E0A5C200}"
EndProject
Project("{FAE04EC0-301F-11D3-BF4B-00C04F79EFBC}") = "RandomNumber", "RandomNumber\RandomNumber.csproj", "{2E95A7C4-4D8E-49DB-99D6-180EF4DFDD75}"
EndProject
Project("{FAE04EC0-301F-11D3-BF4B-00C04F79EFBC}") = "GuessingGameInfinite", "GuessingGameInfinite\GuessingGameInfinite.csproj", "{A8AF154F-4E9C-4FC8-91CC-23B0A7281D59}"
EndProject
Project("{FAE04EC0-301F-11D3-BF4B-00C04F79EFBC}") = "GuessingGameThreeTries", "GuessingGameThreeTries\GuessingGameThreeTries.csproj", "{D25B5660-71FB-4D7A-94A4-AF518A3E84B9}"
EndProject
Global
	GlobalSection(SolutionConfigurationPlatforms) = preSolution
		Debug|Any CPU = Debug|Any CPU
		Release|Any CPU = Release|Any CPU
	EndGlobalSection
	GlobalSection(ProjectConfigurationPlatforms) = postSolution
		{B2C7FAED-9ABC-4AE6-B4AC-7F42E6BE3A5D}.Debug|Any CPU.ActiveCfg = Debug|Any CPU
		{B2C7FAED-9ABC-4AE6-B4AC-7F42E6BE3A5D}.Debug|Any CPU.Build.0 = Debug|Any CPU
		{B2C7FAED-9ABC-4AE6-B4AC-7F42E6BE3A5D}.Release|Any CPU.ActiveCfg = Release|Any CPU
		{B2C7FAED-9ABC-4AE6-B4AC-7F42E6BE3A5D}.Release|Any CPU.Build.0 = Release|Any CPU
		{9A60B7D3-771E-4664-8D35-5D98E0A5C200}.Debug|Any CPU.ActiveCfg = Debug|Any CPU
		{9A60B7D3-771E-4664-8D35-5D98E0A5C200}.Debug|Any CPU.Build.0 = Debug|Any CPU
		{9A60B7D3-771E-4664-8D35-5D98E0A5C200}.Release|Any CPU.ActiveCfg = Release|Any CPU
		{9A60B7D3-771E-4664-8D35-5D98E0A5C200}.Release|Any CPU.Build.0 = Release|Any CPU
		{2E95A7C4-4D8E-49DB-99D6-180EF4DFDD75}.Debug|Any CPU.ActiveCfg = Debug|Any CPU
		{2E95A7C4-4D8E-49DB-99D6-180EF4DFDD75}.Debug|Any CPU.Build.0 = Debug|Any CPU
		{2E95A7C4-4D8E-49DB-99D6-180EF4DFDD75}.Release|Any CPU.ActiveCfg = Release|Any CPU
		{2E95A7C4-4D8E-49DB-99D6-180EF4DFDD75}.Release|Any CPU.Build.0 = Release|Any CPU
		{A8AF154F-4E9C-4FC8-91CC-23B0A7281D59}.Debug|Any CPU.ActiveCfg = Debug|Any CPU
		{A8AF154F-4E9C-4FC8-91CC-23B0A7281D59}.Debug|Any CPU.Build.0 = Debug|Any CPU
		{A8AF154F-4E9C-4FC8-91CC-23B0A7281D59}.Release|Any CPU.ActiveCfg = Release|Any CPU
		{A8AF154F-4E9C-4FC8-91CC-23B0A7281D59}.Release|Any CPU.Build.0 = Release|Any CPU
		{D25B5660-71FB-4D7A-94A4-AF518A3E84B9}.Debug|Any CPU.ActiveCfg = Debug|Any CPU
		{D25B5660-71FB-4D7A-94A4-AF518A3E84B9}.Debug|Any CPU.Build.0 = Debug|Any CPU
		{D25B5660-71FB-4D7A-94A4-AF518A3E84B9}.Release|Any CPU.ActiveCfg = Release|Any CPU
		{D25B5660-71FB-4D7A-94A4-AF518A3E84B9}.Release|Any CPU.Build.0 = Release|Any CPU
	EndGlobalSection
	GlobalSection(SolutionProperties) = preSolution
		HideSolutionNode = FALSE
	EndGlobalSection
	GlobalSection(ExtensibilityGlobals) = postSolution
		SolutionGuid = {051F4F03-A587-41AF-B148-B918A5EA43D2}
	EndGlobalSection
EndGlobal
